{
  "requires": true,
  "lockfileVersion": 1,
  "dependencies": {
    "moment": {
      "version": "2.25.3",
      "resolved": "https://registry.npmjs.org/moment/-/moment-2.25.3.tgz",
      "integrity": "sha512-PuYv0PHxZvzc15Sp8ybUCoQ+xpyPWvjOuK72a5ovzp2LI32rJXOiIfyoFoYvG3s6EwwrdkMyWuRiEHSZRLJNdg=="
    },
    "react-moment": {
      "version": "0.9.7",
      "resolved": "https://registry.npmjs.org/react-moment/-/react-moment-0.9.7.tgz",
      "integrity": "sha512-ifzUrUGF6KRsUN2pRG5k56kO0mJBr8kRkWb0wNvtFIsBIxOuPxhUpL1YlXwpbQCbHq23hUu6A0VEk64HsFxk9g=="
    }
  }
}
